// !$*UTF8*$!
{
	archiveVersion = 1;
	classes = {
	};
	objectVersion = 46;
	objects = {

/* Begin PBXBuildFile section */
		FA22A56B1688173A00104F61 /* FSLogin.m in Sources */ = {isa = PBXBuildFile; fileRef = FA22A56A1688173A00104F61 /* FSLogin.m */; };
		FA7C55C91688350300CC2900 /* CoreLocation.framework in Frameworks */ = {isa = PBXBuildFile; fileRef = FA7BB313168830C600A443DB /* CoreLocation.framework */; };
		FA9945E9168D090400992C19 /* Observation.m in Sources */ = {isa = PBXBuildFile; fileRef = FA9945E8168D090400992C19 /* Observation.m */; };
		FA9945EC168D090500992C19 /* Value.m in Sources */ = {isa = PBXBuildFile; fileRef = FA9945EB168D090500992C19 /* Value.m */; };
		FA9945EF168D090500992C19 /* Field.m in Sources */ = {isa = PBXBuildFile; fileRef = FA9945EE168D090500992C19 /* Field.m */; };
		FA9945F2168D090500992C19 /* ObservationData.m in Sources */ = {isa = PBXBuildFile; fileRef = FA9945F1168D090500992C19 /* ObservationData.m */; };
		FA9945F5168D090500992C19 /* Project.m in Sources */ = {isa = PBXBuildFile; fileRef = FA9945F4168D090500992C19 /* Project.m */; };
		FA9945F8168D090500992C19 /* FieldGroup.m in Sources */ = {isa = PBXBuildFile; fileRef = FA9945F7168D090500992C19 /* FieldGroup.m */; };
		FA9945FE168D0BA900992C19 /* Station.m in Sources */ = {isa = PBXBuildFile; fileRef = FA9945FD168D0BA900992C19 /* Station.m */; };
		FA994601168D13FE00992C19 /* FSProjects.m in Sources */ = {isa = PBXBuildFile; fileRef = FA994600168D13FD00992C19 /* FSProjects.m */; };
		FAB536BE168A470E00B25A24 /* FSConnection.m in Sources */ = {isa = PBXBuildFile; fileRef = FAB536BD168A470E00B25A24 /* FSConnection.m */; };
		FAB536C1168A51F700B25A24 /* FSStations.m in Sources */ = {isa = PBXBuildFile; fileRef = FAB536C0168A51F700B25A24 /* FSStations.m */; };
		FAC233C2168787E600201ECA /* UIKit.framework in Frameworks */ = {isa = PBXBuildFile; fileRef = FAC233C1168787E600201ECA /* UIKit.framework */; };
		FAC233C4168787E600201ECA /* Foundation.framework in Frameworks */ = {isa = PBXBuildFile; fileRef = FAC233C3168787E600201ECA /* Foundation.framework */; };
		FAC233C6168787E600201ECA /* CoreGraphics.framework in Frameworks */ = {isa = PBXBuildFile; fileRef = FAC233C5168787E600201ECA /* CoreGraphics.framework */; };
		FAC233C8168787E600201ECA /* CoreData.framework in Frameworks */ = {isa = PBXBuildFile; fileRef = FAC233C7168787E600201ECA /* CoreData.framework */; };
		FAC233E5168787E600201ECA /* SenTestingKit.framework in Frameworks */ = {isa = PBXBuildFile; fileRef = FAC233E4168787E600201ECA /* SenTestingKit.framework */; };
		FAC233E6168787E600201ECA /* UIKit.framework in Frameworks */ = {isa = PBXBuildFile; fileRef = FAC233C1168787E600201ECA /* UIKit.framework */; };
		FAC233E7168787E600201ECA /* Foundation.framework in Frameworks */ = {isa = PBXBuildFile; fileRef = FAC233C3168787E600201ECA /* Foundation.framework */; };
		FAC233E8168787E600201ECA /* CoreData.framework in Frameworks */ = {isa = PBXBuildFile; fileRef = FAC233C7168787E600201ECA /* CoreData.framework */; };
		FAC233F0168787E600201ECA /* InfoPlist.strings in Resources */ = {isa = PBXBuildFile; fileRef = FAC233EE168787E600201ECA /* InfoPlist.strings */; };
		FAC233F3168787E600201ECA /* NatureBridgeTests.m in Sources */ = {isa = PBXBuildFile; fileRef = FAC233F2168787E600201ECA /* NatureBridgeTests.m */; };
		FAC234221687885E00201ECA /* icon.png in Resources */ = {isa = PBXBuildFile; fileRef = FAC234001687885E00201ECA /* icon.png */; };
		FAC2345A1687887000201ECA /* AppDelegate.m in Sources */ = {isa = PBXBuildFile; fileRef = FAC2343A1687887000201ECA /* AppDelegate.m */; };
		FAC2345B1687887000201ECA /* Default-568h@2x.png in Resources */ = {isa = PBXBuildFile; fileRef = FAC2343B1687887000201ECA /* Default-568h@2x.png */; };
		FAC2345C1687887000201ECA /* Default.png in Resources */ = {isa = PBXBuildFile; fileRef = FAC2343C1687887000201ECA /* Default.png */; };
		FAC2345D1687887000201ECA /* Default@2x.png in Resources */ = {isa = PBXBuildFile; fileRef = FAC2343D1687887000201ECA /* Default@2x.png */; };
		FAC2345E1687887000201ECA /* InfoPlist.strings in Resources */ = {isa = PBXBuildFile; fileRef = FAC2343E1687887000201ECA /* InfoPlist.strings */; };
		FAC2345F1687887000201ECA /* MainStoryboard_iPad.storyboard in Resources */ = {isa = PBXBuildFile; fileRef = FAC234401687887000201ECA /* MainStoryboard_iPad.storyboard */; };
		FAC234601687887000201ECA /* MainStoryboard_iPhone.storyboard in Resources */ = {isa = PBXBuildFile; fileRef = FAC234421687887000201ECA /* MainStoryboard_iPhone.storyboard */; };
		FAC234611687887000201ECA /* FSStore.m in Sources */ = {isa = PBXBuildFile; fileRef = FAC234461687887000201ECA /* FSStore.m */; };
		FAC234621687887000201ECA /* FieldScope.xcdatamodeld in Sources */ = {isa = PBXBuildFile; fileRef = FAC234471687887000201ECA /* FieldScope.xcdatamodeld */; };
		FAC234631687887000201ECA /* InitialSetupNavigationController.m in Sources */ = {isa = PBXBuildFile; fileRef = FAC2344A1687887000201ECA /* InitialSetupNavigationController.m */; };
		FAC234641687887000201ECA /* LoginViewController.m in Sources */ = {isa = PBXBuildFile; fileRef = FAC2344C1687887000201ECA /* LoginViewController.m */; };
		FAC234651687887000201ECA /* LoginViewController.xib in Resources */ = {isa = PBXBuildFile; fileRef = FAC2344D1687887000201ECA /* LoginViewController.xib */; };
		FAC234661687887000201ECA /* main.m in Sources */ = {isa = PBXBuildFile; fileRef = FAC2344E1687887000201ECA /* main.m */; };
		FAC2346C1687887000201ECA /* SchoolViewController.m in Sources */ = {isa = PBXBuildFile; fileRef = FAC234581687887000201ECA /* SchoolViewController.m */; };
		FAC2346D1687887000201ECA /* SchoolViewController.xib in Resources */ = {isa = PBXBuildFile; fileRef = FAC234591687887000201ECA /* SchoolViewController.xib */; };
		FAEF0B2216879A60002336D1 /* ProjectsIndexViewController.m in Sources */ = {isa = PBXBuildFile; fileRef = FAEF0B2016879A60002336D1 /* ProjectsIndexViewController.m */; };
		FAEF0B2716879F60002336D1 /* ProjectsIndexViewController.xib in Resources */ = {isa = PBXBuildFile; fileRef = FAEF0B2616879F60002336D1 /* ProjectsIndexViewController.xib */; };
		FAEF0B2B1687A618002336D1 /* MainTabViewController.m in Sources */ = {isa = PBXBuildFile; fileRef = FAEF0B291687A618002336D1 /* MainTabViewController.m */; };
		FAEF0B2C1687A618002336D1 /* MainTabViewController.xib in Resources */ = {isa = PBXBuildFile; fileRef = FAEF0B2A1687A618002336D1 /* MainTabViewController.xib */; };
		FAEF0B2F1687AA16002336D1 /* RootViewController.m in Sources */ = {isa = PBXBuildFile; fileRef = FAEF0B2E1687AA16002336D1 /* RootViewController.m */; };
/* End PBXBuildFile section */

/* Begin PBXContainerItemProxy section */
		FAC233E9168787E600201ECA /* PBXContainerItemProxy */ = {
			isa = PBXContainerItemProxy;
			containerPortal = FAC233B4168787E600201ECA /* Project object */;
			proxyType = 1;
			remoteGlobalIDString = FAC233BC168787E600201ECA;
			remoteInfo = NatureBridge;
		};
/* End PBXContainerItemProxy section */

/* Begin PBXFileReference section */
		FA22A5691688173A00104F61 /* FSLogin.h */ = {isa = PBXFileReference; fileEncoding = 4; lastKnownFileType = sourcecode.c.h; path = FSLogin.h; sourceTree = "<group>"; };
		FA22A56A1688173A00104F61 /* FSLogin.m */ = {isa = PBXFileReference; fileEncoding = 4; lastKnownFileType = sourcecode.c.objc; path = FSLogin.m; sourceTree = "<group>"; };
		FA7BB313168830C600A443DB /* CoreLocation.framework */ = {isa = PBXFileReference; lastKnownFileType = wrapper.framework; name = CoreLocation.framework; path = System/Library/Frameworks/CoreLocation.framework; sourceTree = SDKROOT; };
		FA9945E7168D090400992C19 /* Observation.h */ = {isa = PBXFileReference; fileEncoding = 4; lastKnownFileType = sourcecode.c.h; name = Observation.h; path = Models/Observation.h; sourceTree = "<group>"; };
		FA9945E8168D090400992C19 /* Observation.m */ = {isa = PBXFileReference; fileEncoding = 4; lastKnownFileType = sourcecode.c.objc; name = Observation.m; path = Models/Observation.m; sourceTree = "<group>"; };
		FA9945EA168D090500992C19 /* Value.h */ = {isa = PBXFileReference; fileEncoding = 4; lastKnownFileType = sourcecode.c.h; name = Value.h; path = Models/Value.h; sourceTree = "<group>"; };
		FA9945EB168D090500992C19 /* Value.m */ = {isa = PBXFileReference; fileEncoding = 4; lastKnownFileType = sourcecode.c.objc; name = Value.m; path = Models/Value.m; sourceTree = "<group>"; };
		FA9945ED168D090500992C19 /* Field.h */ = {isa = PBXFileReference; fileEncoding = 4; lastKnownFileType = sourcecode.c.h; name = Field.h; path = Models/Field.h; sourceTree = "<group>"; };
		FA9945EE168D090500992C19 /* Field.m */ = {isa = PBXFileReference; fileEncoding = 4; lastKnownFileType = sourcecode.c.objc; name = Field.m; path = Models/Field.m; sourceTree = "<group>"; };
		FA9945F0168D090500992C19 /* ObservationData.h */ = {isa = PBXFileReference; fileEncoding = 4; lastKnownFileType = sourcecode.c.h; name = ObservationData.h; path = Models/ObservationData.h; sourceTree = "<group>"; };
		FA9945F1168D090500992C19 /* ObservationData.m */ = {isa = PBXFileReference; fileEncoding = 4; lastKnownFileType = sourcecode.c.objc; name = ObservationData.m; path = Models/ObservationData.m; sourceTree = "<group>"; };
		FA9945F3168D090500992C19 /* Project.h */ = {isa = PBXFileReference; fileEncoding = 4; lastKnownFileType = sourcecode.c.h; name = Project.h; path = Models/Project.h; sourceTree = "<group>"; };
		FA9945F4168D090500992C19 /* Project.m */ = {isa = PBXFileReference; fileEncoding = 4; lastKnownFileType = sourcecode.c.objc; name = Project.m; path = Models/Project.m; sourceTree = "<group>"; };
		FA9945F6168D090500992C19 /* FieldGroup.h */ = {isa = PBXFileReference; fileEncoding = 4; lastKnownFileType = sourcecode.c.h; name = FieldGroup.h; path = Models/FieldGroup.h; sourceTree = "<group>"; };
		FA9945F7168D090500992C19 /* FieldGroup.m */ = {isa = PBXFileReference; fileEncoding = 4; lastKnownFileType = sourcecode.c.objc; name = FieldGroup.m; path = Models/FieldGroup.m; sourceTree = "<group>"; };
		FA9945FC168D0BA900992C19 /* Station.h */ = {isa = PBXFileReference; fileEncoding = 4; lastKnownFileType = sourcecode.c.h; name = Station.h; path = Models/Station.h; sourceTree = "<group>"; };
		FA9945FD168D0BA900992C19 /* Station.m */ = {isa = PBXFileReference; fileEncoding = 4; lastKnownFileType = sourcecode.c.objc; name = Station.m; path = Models/Station.m; sourceTree = "<group>"; };
		FA9945FF168D13FD00992C19 /* FSProjects.h */ = {isa = PBXFileReference; fileEncoding = 4; lastKnownFileType = sourcecode.c.h; path = FSProjects.h; sourceTree = "<group>"; };
		FA994600168D13FD00992C19 /* FSProjects.m */ = {isa = PBXFileReference; fileEncoding = 4; lastKnownFileType = sourcecode.c.objc; path = FSProjects.m; sourceTree = "<group>"; };
		FAB536BA168A453B00B25A24 /* JSONSerializable.h */ = {isa = PBXFileReference; lastKnownFileType = sourcecode.c.h; path = JSONSerializable.h; sourceTree = "<group>"; };
		FAB536BC168A470E00B25A24 /* FSConnection.h */ = {isa = PBXFileReference; fileEncoding = 4; lastKnownFileType = sourcecode.c.h; path = FSConnection.h; sourceTree = "<group>"; };
		FAB536BD168A470E00B25A24 /* FSConnection.m */ = {isa = PBXFileReference; fileEncoding = 4; lastKnownFileType = sourcecode.c.objc; path = FSConnection.m; sourceTree = "<group>"; };
		FAB536BF168A51F700B25A24 /* FSStations.h */ = {isa = PBXFileReference; fileEncoding = 4; lastKnownFileType = sourcecode.c.h; path = FSStations.h; sourceTree = "<group>"; };
		FAB536C0168A51F700B25A24 /* FSStations.m */ = {isa = PBXFileReference; fileEncoding = 4; lastKnownFileType = sourcecode.c.objc; path = FSStations.m; sourceTree = "<group>"; };
		FAC233BD168787E600201ECA /* NatureBridge.app */ = {isa = PBXFileReference; explicitFileType = wrapper.application; includeInIndex = 0; path = NatureBridge.app; sourceTree = BUILT_PRODUCTS_DIR; };
		FAC233C1168787E600201ECA /* UIKit.framework */ = {isa = PBXFileReference; lastKnownFileType = wrapper.framework; name = UIKit.framework; path = System/Library/Frameworks/UIKit.framework; sourceTree = SDKROOT; };
		FAC233C3168787E600201ECA /* Foundation.framework */ = {isa = PBXFileReference; lastKnownFileType = wrapper.framework; name = Foundation.framework; path = System/Library/Frameworks/Foundation.framework; sourceTree = SDKROOT; };
		FAC233C5168787E600201ECA /* CoreGraphics.framework */ = {isa = PBXFileReference; lastKnownFileType = wrapper.framework; name = CoreGraphics.framework; path = System/Library/Frameworks/CoreGraphics.framework; sourceTree = SDKROOT; };
		FAC233C7168787E600201ECA /* CoreData.framework */ = {isa = PBXFileReference; lastKnownFileType = wrapper.framework; name = CoreData.framework; path = System/Library/Frameworks/CoreData.framework; sourceTree = SDKROOT; };
		FAC233E3168787E600201ECA /* NatureBridgeTests.octest */ = {isa = PBXFileReference; explicitFileType = wrapper.cfbundle; includeInIndex = 0; path = NatureBridgeTests.octest; sourceTree = BUILT_PRODUCTS_DIR; };
		FAC233E4168787E600201ECA /* SenTestingKit.framework */ = {isa = PBXFileReference; lastKnownFileType = wrapper.framework; name = SenTestingKit.framework; path = Library/Frameworks/SenTestingKit.framework; sourceTree = DEVELOPER_DIR; };
		FAC233ED168787E600201ECA /* NatureBridgeTests-Info.plist */ = {isa = PBXFileReference; lastKnownFileType = text.plist.xml; path = "NatureBridgeTests-Info.plist"; sourceTree = "<group>"; };
		FAC233EF168787E600201ECA /* en */ = {isa = PBXFileReference; lastKnownFileType = text.plist.strings; name = en; path = en.lproj/InfoPlist.strings; sourceTree = "<group>"; };
		FAC233F1168787E600201ECA /* NatureBridgeTests.h */ = {isa = PBXFileReference; lastKnownFileType = sourcecode.c.h; path = NatureBridgeTests.h; sourceTree = "<group>"; };
		FAC233F2168787E600201ECA /* NatureBridgeTests.m */ = {isa = PBXFileReference; lastKnownFileType = sourcecode.c.objc; path = NatureBridgeTests.m; sourceTree = "<group>"; };
		FAC234001687885E00201ECA /* icon.png */ = {isa = PBXFileReference; lastKnownFileType = image.png; name = icon.png; path = ../naturebridge/icon.png; sourceTree = "<group>"; };
		FAC234391687887000201ECA /* AppDelegate.h */ = {isa = PBXFileReference; fileEncoding = 4; lastKnownFileType = sourcecode.c.h; path = AppDelegate.h; sourceTree = "<group>"; };
		FAC2343A1687887000201ECA /* AppDelegate.m */ = {isa = PBXFileReference; fileEncoding = 4; lastKnownFileType = sourcecode.c.objc; path = AppDelegate.m; sourceTree = "<group>"; };
		FAC2343B1687887000201ECA /* Default-568h@2x.png */ = {isa = PBXFileReference; lastKnownFileType = image.png; path = "Default-568h@2x.png"; sourceTree = "<group>"; };
		FAC2343C1687887000201ECA /* Default.png */ = {isa = PBXFileReference; lastKnownFileType = image.png; path = Default.png; sourceTree = "<group>"; };
		FAC2343D1687887000201ECA /* Default@2x.png */ = {isa = PBXFileReference; lastKnownFileType = image.png; path = "Default@2x.png"; sourceTree = "<group>"; };
		FAC2343F1687887000201ECA /* en */ = {isa = PBXFileReference; lastKnownFileType = text.plist.strings; name = en; path = en.lproj/InfoPlist.strings; sourceTree = "<group>"; };
		FAC234411687887000201ECA /* en */ = {isa = PBXFileReference; lastKnownFileType = file.storyboard; name = en; path = en.lproj/MainStoryboard_iPad.storyboard; sourceTree = "<group>"; };
		FAC234431687887000201ECA /* en */ = {isa = PBXFileReference; lastKnownFileType = file.storyboard; name = en; path = en.lproj/MainStoryboard_iPhone.storyboard; sourceTree = "<group>"; };
		FAC234451687887000201ECA /* FSStore.h */ = {isa = PBXFileReference; fileEncoding = 4; lastKnownFileType = sourcecode.c.h; path = FSStore.h; sourceTree = "<group>"; };
		FAC234461687887000201ECA /* FSStore.m */ = {isa = PBXFileReference; fileEncoding = 4; lastKnownFileType = sourcecode.c.objc; path = FSStore.m; sourceTree = "<group>"; };
		FAC234481687887000201ECA /* FieldScope.xcdatamodel */ = {isa = PBXFileReference; lastKnownFileType = wrapper.xcdatamodel; path = FieldScope.xcdatamodel; sourceTree = "<group>"; };
		FAC234491687887000201ECA /* InitialSetupNavigationController.h */ = {isa = PBXFileReference; fileEncoding = 4; lastKnownFileType = sourcecode.c.h; path = InitialSetupNavigationController.h; sourceTree = "<group>"; };
		FAC2344A1687887000201ECA /* InitialSetupNavigationController.m */ = {isa = PBXFileReference; fileEncoding = 4; lastKnownFileType = sourcecode.c.objc; path = InitialSetupNavigationController.m; sourceTree = "<group>"; };
		FAC2344B1687887000201ECA /* LoginViewController.h */ = {isa = PBXFileReference; fileEncoding = 4; lastKnownFileType = sourcecode.c.h; path = LoginViewController.h; sourceTree = "<group>"; };
		FAC2344C1687887000201ECA /* LoginViewController.m */ = {isa = PBXFileReference; fileEncoding = 4; lastKnownFileType = sourcecode.c.objc; path = LoginViewController.m; sourceTree = "<group>"; };
		FAC2344D1687887000201ECA /* LoginViewController.xib */ = {isa = PBXFileReference; fileEncoding = 4; lastKnownFileType = file.xib; path = LoginViewController.xib; sourceTree = "<group>"; };
		FAC2344E1687887000201ECA /* main.m */ = {isa = PBXFileReference; fileEncoding = 4; lastKnownFileType = sourcecode.c.objc; path = main.m; sourceTree = "<group>"; };
		FAC2344F1687887000201ECA /* NatureBridge-Info.plist */ = {isa = PBXFileReference; fileEncoding = 4; lastKnownFileType = text.plist.xml; path = "NatureBridge-Info.plist"; sourceTree = "<group>"; };
		FAC234501687887000201ECA /* NatureBridge-Prefix.pch */ = {isa = PBXFileReference; fileEncoding = 4; lastKnownFileType = sourcecode.c.h; path = "NatureBridge-Prefix.pch"; sourceTree = "<group>"; };
		FAC234571687887000201ECA /* SchoolViewController.h */ = {isa = PBXFileReference; fileEncoding = 4; lastKnownFileType = sourcecode.c.h; path = SchoolViewController.h; sourceTree = "<group>"; };
		FAC234581687887000201ECA /* SchoolViewController.m */ = {isa = PBXFileReference; fileEncoding = 4; lastKnownFileType = sourcecode.c.objc; path = SchoolViewController.m; sourceTree = "<group>"; };
		FAC234591687887000201ECA /* SchoolViewController.xib */ = {isa = PBXFileReference; fileEncoding = 4; lastKnownFileType = file.xib; path = SchoolViewController.xib; sourceTree = "<group>"; };
		FAEF0B1F16879A60002336D1 /* ProjectsIndexViewController.h */ = {isa = PBXFileReference; fileEncoding = 4; lastKnownFileType = sourcecode.c.h; path = ProjectsIndexViewController.h; sourceTree = "<group>"; };
		FAEF0B2016879A60002336D1 /* ProjectsIndexViewController.m */ = {isa = PBXFileReference; fileEncoding = 4; lastKnownFileType = sourcecode.c.objc; path = ProjectsIndexViewController.m; sourceTree = "<group>"; };
		FAEF0B2616879F60002336D1 /* ProjectsIndexViewController.xib */ = {isa = PBXFileReference; fileEncoding = 4; lastKnownFileType = file.xib; path = ProjectsIndexViewController.xib; sourceTree = "<group>"; };
		FAEF0B281687A618002336D1 /* MainTabViewController.h */ = {isa = PBXFileReference; fileEncoding = 4; lastKnownFileType = sourcecode.c.h; path = MainTabViewController.h; sourceTree = "<group>"; };
		FAEF0B291687A618002336D1 /* MainTabViewController.m */ = {isa = PBXFileReference; fileEncoding = 4; lastKnownFileType = sourcecode.c.objc; path = MainTabViewController.m; sourceTree = "<group>"; };
		FAEF0B2A1687A618002336D1 /* MainTabViewController.xib */ = {isa = PBXFileReference; fileEncoding = 4; lastKnownFileType = file.xib; path = MainTabViewController.xib; sourceTree = "<group>"; };
		FAEF0B2D1687AA16002336D1 /* RootViewController.h */ = {isa = PBXFileReference; fileEncoding = 4; lastKnownFileType = sourcecode.c.h; path = RootViewController.h; sourceTree = "<group>"; };
		FAEF0B2E1687AA16002336D1 /* RootViewController.m */ = {isa = PBXFileReference; fileEncoding = 4; lastKnownFileType = sourcecode.c.objc; path = RootViewController.m; sourceTree = "<group>"; };
/* End PBXFileReference section */

/* Begin PBXFrameworksBuildPhase section */
		FAC233BA168787E600201ECA /* Frameworks */ = {
			isa = PBXFrameworksBuildPhase;
			buildActionMask = 2147483647;
			files = (
				FA7C55C91688350300CC2900 /* CoreLocation.framework in Frameworks */,
				FAC233C2168787E600201ECA /* UIKit.framework in Frameworks */,
				FAC233C4168787E600201ECA /* Foundation.framework in Frameworks */,
				FAC233C6168787E600201ECA /* CoreGraphics.framework in Frameworks */,
				FAC233C8168787E600201ECA /* CoreData.framework in Frameworks */,
			);
			runOnlyForDeploymentPostprocessing = 0;
		};
		FAC233DF168787E600201ECA /* Frameworks */ = {
			isa = PBXFrameworksBuildPhase;
			buildActionMask = 2147483647;
			files = (
				FAC233E5168787E600201ECA /* SenTestingKit.framework in Frameworks */,
				FAC233E6168787E600201ECA /* UIKit.framework in Frameworks */,
				FAC233E7168787E600201ECA /* Foundation.framework in Frameworks */,
				FAC233E8168787E600201ECA /* CoreData.framework in Frameworks */,
			);
			runOnlyForDeploymentPostprocessing = 0;
		};
/* End PBXFrameworksBuildPhase section */

/* Begin PBXGroup section */
		FAC233B2168787E600201ECA = {
			isa = PBXGroup;
			children = (
				FA7BB313168830C600A443DB /* CoreLocation.framework */,
				FAC234381687887000201ECA /* NatureBridge */,
				FAC234001687885E00201ECA /* icon.png */,
				FAC233EB168787E600201ECA /* NatureBridgeTests */,
				FAC233C0168787E600201ECA /* Frameworks */,
				FAC233BE168787E600201ECA /* Products */,
			);
			sourceTree = "<group>";
		};
		FAC233BE168787E600201ECA /* Products */ = {
			isa = PBXGroup;
			children = (
				FAC233BD168787E600201ECA /* NatureBridge.app */,
				FAC233E3168787E600201ECA /* NatureBridgeTests.octest */,
			);
			name = Products;
			sourceTree = "<group>";
		};
		FAC233C0168787E600201ECA /* Frameworks */ = {
			isa = PBXGroup;
			children = (
				FAC233C1168787E600201ECA /* UIKit.framework */,
				FAC233C3168787E600201ECA /* Foundation.framework */,
				FAC233C5168787E600201ECA /* CoreGraphics.framework */,
				FAC233C7168787E600201ECA /* CoreData.framework */,
				FAC233E4168787E600201ECA /* SenTestingKit.framework */,
			);
			name = Frameworks;
			sourceTree = "<group>";
		};
		FAC233EB168787E600201ECA /* NatureBridgeTests */ = {
			isa = PBXGroup;
			children = (
				FAC233F1168787E600201ECA /* NatureBridgeTests.h */,
				FAC233F2168787E600201ECA /* NatureBridgeTests.m */,
				FAC233EC168787E600201ECA /* Supporting Files */,
			);
			path = NatureBridgeTests;
			sourceTree = "<group>";
		};
		FAC233EC168787E600201ECA /* Supporting Files */ = {
			isa = PBXGroup;
			children = (
				FAC233ED168787E600201ECA /* NatureBridgeTests-Info.plist */,
				FAC233EE168787E600201ECA /* InfoPlist.strings */,
			);
			name = "Supporting Files";
			sourceTree = "<group>";
		};
		FAC234381687887000201ECA /* NatureBridge */ = {
			isa = PBXGroup;
			children = (
				FAC234701687889E00201ECA /* Models */,
				FAC234441687887000201ECA /* FieldScope */,
				FAC2346E1687887700201ECA /* Controllers */,
				FAC234391687887000201ECA /* AppDelegate.h */,
				FAC2343A1687887000201ECA /* AppDelegate.m */,
				FAC2346F1687888D00201ECA /* Supporting Files */,
			);
			name = NatureBridge;
			path = ../naturebridge/NatureBridge;
			sourceTree = "<group>";
		};
		FAC234441687887000201ECA /* FieldScope */ = {
			isa = PBXGroup;
			children = (
				FAB536BA168A453B00B25A24 /* JSONSerializable.h */,
				FAC234451687887000201ECA /* FSStore.h */,
				FAC234461687887000201ECA /* FSStore.m */,
				FA22A5691688173A00104F61 /* FSLogin.h */,
				FA22A56A1688173A00104F61 /* FSLogin.m */,
				FAB536BC168A470E00B25A24 /* FSConnection.h */,
				FAB536BD168A470E00B25A24 /* FSConnection.m */,
				FAB536BF168A51F700B25A24 /* FSStations.h */,
				FAB536C0168A51F700B25A24 /* FSStations.m */,
				FA9945FF168D13FD00992C19 /* FSProjects.h */,
				FA994600168D13FD00992C19 /* FSProjects.m */,
			);
			path = FieldScope;
			sourceTree = "<group>";
		};
		FAC2346E1687887700201ECA /* Controllers */ = {
			isa = PBXGroup;
			children = (
				FAC234491687887000201ECA /* InitialSetupNavigationController.h */,
				FAC2344A1687887000201ECA /* InitialSetupNavigationController.m */,
				FAC2344B1687887000201ECA /* LoginViewController.h */,
				FAC2344C1687887000201ECA /* LoginViewController.m */,
				FAC2344D1687887000201ECA /* LoginViewController.xib */,
				FAC234571687887000201ECA /* SchoolViewController.h */,
				FAC234581687887000201ECA /* SchoolViewController.m */,
				FAC234591687887000201ECA /* SchoolViewController.xib */,
				FAEF0B1F16879A60002336D1 /* ProjectsIndexViewController.h */,
				FAEF0B2016879A60002336D1 /* ProjectsIndexViewController.m */,
				FAEF0B2616879F60002336D1 /* ProjectsIndexViewController.xib */,
				FAEF0B281687A618002336D1 /* MainTabViewController.h */,
				FAEF0B291687A618002336D1 /* MainTabViewController.m */,
				FAEF0B2A1687A618002336D1 /* MainTabViewController.xib */,
				FAEF0B2D1687AA16002336D1 /* RootViewController.h */,
				FAEF0B2E1687AA16002336D1 /* RootViewController.m */,
			);
			name = Controllers;
			sourceTree = "<group>";
		};
		FAC2346F1687888D00201ECA /* Supporting Files */ = {
			isa = PBXGroup;
			children = (
				FAC2344E1687887000201ECA /* main.m */,
				FAC2344F1687887000201ECA /* NatureBridge-Info.plist */,
				FAC234501687887000201ECA /* NatureBridge-Prefix.pch */,
				FAC2343B1687887000201ECA /* Default-568h@2x.png */,
				FAC2343C1687887000201ECA /* Default.png */,
				FAC2343D1687887000201ECA /* Default@2x.png */,
				FAC2343E1687887000201ECA /* InfoPlist.strings */,
				FAC234401687887000201ECA /* MainStoryboard_iPad.storyboard */,
				FAC234421687887000201ECA /* MainStoryboard_iPhone.storyboard */,
			);
			name = "Supporting Files";
			sourceTree = "<group>";
		};
		FAC234701687889E00201ECA /* Models */ = {
			isa = PBXGroup;
			children = (
				FAC234471687887000201ECA /* FieldScope.xcdatamodeld */,
				FA9945F6168D090500992C19 /* FieldGroup.h */,
				FA9945F7168D090500992C19 /* FieldGroup.m */,
				FA9945F3168D090500992C19 /* Project.h */,
				FA9945F4168D090500992C19 /* Project.m */,
				FA9945F0168D090500992C19 /* ObservationData.h */,
				FA9945F1168D090500992C19 /* ObservationData.m */,
				FA9945ED168D090500992C19 /* Field.h */,
				FA9945EE168D090500992C19 /* Field.m */,
				FA9945EA168D090500992C19 /* Value.h */,
				FA9945EB168D090500992C19 /* Value.m */,
				FA9945E7168D090400992C19 /* Observation.h */,
				FA9945E8168D090400992C19 /* Observation.m */,
				FA9945FC168D0BA900992C19 /* Station.h */,
				FA9945FD168D0BA900992C19 /* Station.m */,
			);
			name = Models;
			sourceTree = "<group>";
		};
/* End PBXGroup section */

/* Begin PBXNativeTarget section */
		FAC233BC168787E600201ECA /* NatureBridge */ = {
			isa = PBXNativeTarget;
			buildConfigurationList = FAC233F6168787E600201ECA /* Build configuration list for PBXNativeTarget "NatureBridge" */;
			buildPhases = (
				FAC233B9168787E600201ECA /* Sources */,
				FAC233BA168787E600201ECA /* Frameworks */,
				FAC233BB168787E600201ECA /* Resources */,
			);
			buildRules = (
			);
			dependencies = (
			);
			name = NatureBridge;
			productName = NatureBridge;
			productReference = FAC233BD168787E600201ECA /* NatureBridge.app */;
			productType = "com.apple.product-type.application";
		};
		FAC233E2168787E600201ECA /* NatureBridgeTests */ = {
			isa = PBXNativeTarget;
			buildConfigurationList = FAC233F9168787E600201ECA /* Build configuration list for PBXNativeTarget "NatureBridgeTests" */;
			buildPhases = (
				FAC233DE168787E600201ECA /* Sources */,
				FAC233DF168787E600201ECA /* Frameworks */,
				FAC233E0168787E600201ECA /* Resources */,
				FAC233E1168787E600201ECA /* ShellScript */,
			);
			buildRules = (
			);
			dependencies = (
				FAC233EA168787E600201ECA /* PBXTargetDependency */,
			);
			name = NatureBridgeTests;
			productName = NatureBridgeTests;
			productReference = FAC233E3168787E600201ECA /* NatureBridgeTests.octest */;
			productType = "com.apple.product-type.bundle";
		};
/* End PBXNativeTarget section */

/* Begin PBXProject section */
		FAC233B4168787E600201ECA /* Project object */ = {
			isa = PBXProject;
			attributes = {
				LastUpgradeCheck = 0450;
				ORGANIZATIONNAME = "Alex Volkovitsky";
			};
			buildConfigurationList = FAC233B7168787E600201ECA /* Build configuration list for PBXProject "NatureBridge" */;
			compatibilityVersion = "Xcode 3.2";
			developmentRegion = English;
			hasScannedForEncodings = 0;
			knownRegions = (
				en,
			);
			mainGroup = FAC233B2168787E600201ECA;
			productRefGroup = FAC233BE168787E600201ECA /* Products */;
			projectDirPath = "";
			projectRoot = "";
			targets = (
				FAC233BC168787E600201ECA /* NatureBridge */,
				FAC233E2168787E600201ECA /* NatureBridgeTests */,
			);
		};
/* End PBXProject section */

/* Begin PBXResourcesBuildPhase section */
		FAC233BB168787E600201ECA /* Resources */ = {
			isa = PBXResourcesBuildPhase;
			buildActionMask = 2147483647;
			files = (
				FAC234221687885E00201ECA /* icon.png in Resources */,
				FAC2345B1687887000201ECA /* Default-568h@2x.png in Resources */,
				FAC2345C1687887000201ECA /* Default.png in Resources */,
				FAC2345D1687887000201ECA /* Default@2x.png in Resources */,
				FAC2345E1687887000201ECA /* InfoPlist.strings in Resources */,
				FAC2345F1687887000201ECA /* MainStoryboard_iPad.storyboard in Resources */,
				FAC234601687887000201ECA /* MainStoryboard_iPhone.storyboard in Resources */,
				FAC234651687887000201ECA /* LoginViewController.xib in Resources */,
				FAC2346D1687887000201ECA /* SchoolViewController.xib in Resources */,
				FAEF0B2716879F60002336D1 /* ProjectsIndexViewController.xib in Resources */,
				FAEF0B2C1687A618002336D1 /* MainTabViewController.xib in Resources */,
			);
			runOnlyForDeploymentPostprocessing = 0;
		};
		FAC233E0168787E600201ECA /* Resources */ = {
			isa = PBXResourcesBuildPhase;
			buildActionMask = 2147483647;
			files = (
				FAC233F0168787E600201ECA /* InfoPlist.strings in Resources */,
			);
			runOnlyForDeploymentPostprocessing = 0;
		};
/* End PBXResourcesBuildPhase section */

/* Begin PBXShellScriptBuildPhase section */
		FAC233E1168787E600201ECA /* ShellScript */ = {
			isa = PBXShellScriptBuildPhase;
			buildActionMask = 2147483647;
			files = (
			);
			inputPaths = (
			);
			outputPaths = (
			);
			runOnlyForDeploymentPostprocessing = 0;
			shellPath = /bin/sh;
			shellScript = "# Run the unit tests in this test bundle.\n\"${SYSTEM_DEVELOPER_DIR}/Tools/RunUnitTests\"\n";
		};
/* End PBXShellScriptBuildPhase section */

/* Begin PBXSourcesBuildPhase section */
		FAC233B9168787E600201ECA /* Sources */ = {
			isa = PBXSourcesBuildPhase;
			buildActionMask = 2147483647;
			files = (
				FAC2345A1687887000201ECA /* AppDelegate.m in Sources */,
				FAC234611687887000201ECA /* FSStore.m in Sources */,
				FAC234621687887000201ECA /* FieldScope.xcdatamodeld in Sources */,
				FAC234631687887000201ECA /* InitialSetupNavigationController.m in Sources */,
				FAC234641687887000201ECA /* LoginViewController.m in Sources */,
				FAC234661687887000201ECA /* main.m in Sources */,
				FAC2346C1687887000201ECA /* SchoolViewController.m in Sources */,
				FAEF0B2216879A60002336D1 /* ProjectsIndexViewController.m in Sources */,
				FAEF0B2B1687A618002336D1 /* MainTabViewController.m in Sources */,
				FAEF0B2F1687AA16002336D1 /* RootViewController.m in Sources */,
				FA22A56B1688173A00104F61 /* FSLogin.m in Sources */,
				FAB536BE168A470E00B25A24 /* FSConnection.m in Sources */,
				FAB536C1168A51F700B25A24 /* FSStations.m in Sources */,
				FA9945E9168D090400992C19 /* Observation.m in Sources */,
				FA9945EC168D090500992C19 /* Value.m in Sources */,
				FA9945EF168D090500992C19 /* Field.m in Sources */,
				FA9945F2168D090500992C19 /* ObservationData.m in Sources */,
				FA9945F5168D090500992C19 /* Project.m in Sources */,
				FA9945F8168D090500992C19 /* FieldGroup.m in Sources */,
				FA9945FE168D0BA900992C19 /* Station.m in Sources */,
				FA994601168D13FE00992C19 /* FSProjects.m in Sources */,
			);
			runOnlyForDeploymentPostprocessing = 0;
		};
		FAC233DE168787E600201ECA /* Sources */ = {
			isa = PBXSourcesBuildPhase;
			buildActionMask = 2147483647;
			files = (
				FAC233F3168787E600201ECA /* NatureBridgeTests.m in Sources */,
			);
			runOnlyForDeploymentPostprocessing = 0;
		};
/* End PBXSourcesBuildPhase section */

/* Begin PBXTargetDependency section */
		FAC233EA168787E600201ECA /* PBXTargetDependency */ = {
			isa = PBXTargetDependency;
			target = FAC233BC168787E600201ECA /* NatureBridge */;
			targetProxy = FAC233E9168787E600201ECA /* PBXContainerItemProxy */;
		};
/* End PBXTargetDependency section */

/* Begin PBXVariantGroup section */
		FAC233EE168787E600201ECA /* InfoPlist.strings */ = {
			isa = PBXVariantGroup;
			children = (
				FAC233EF168787E600201ECA /* en */,
			);
			name = InfoPlist.strings;
			sourceTree = "<group>";
		};
		FAC2343E1687887000201ECA /* InfoPlist.strings */ = {
			isa = PBXVariantGroup;
			children = (
				FAC2343F1687887000201ECA /* en */,
			);
			name = InfoPlist.strings;
			sourceTree = "<group>";
		};
		FAC234401687887000201ECA /* MainStoryboard_iPad.storyboard */ = {
			isa = PBXVariantGroup;
			children = (
				FAC234411687887000201ECA /* en */,
			);
			name = MainStoryboard_iPad.storyboard;
			sourceTree = "<group>";
		};
		FAC234421687887000201ECA /* MainStoryboard_iPhone.storyboard */ = {
			isa = PBXVariantGroup;
			children = (
				FAC234431687887000201ECA /* en */,
			);
			name = MainStoryboard_iPhone.storyboard;
			sourceTree = "<group>";
		};
/* End PBXVariantGroup section */

/* Begin XCBuildConfiguration section */
		FAC233F4168787E600201ECA /* Debug */ = {
			isa = XCBuildConfiguration;
			buildSettings = {
				ALWAYS_SEARCH_USER_PATHS = NO;
				CLANG_CXX_LANGUAGE_STANDARD = "gnu++0x";
				CLANG_CXX_LIBRARY = "libc++";
				CLANG_ENABLE_OBJC_ARC = YES;
				CLANG_WARN_EMPTY_BODY = YES;
				CLANG_WARN__DUPLICATE_METHOD_MATCH = YES;
				"CODE_SIGN_IDENTITY[sdk=iphoneos*]" = "iPhone Developer";
				COPY_PHASE_STRIP = NO;
				GCC_C_LANGUAGE_STANDARD = gnu99;
				GCC_DYNAMIC_NO_PIC = NO;
				GCC_OPTIMIZATION_LEVEL = 0;
				GCC_PREPROCESSOR_DEFINITIONS = (
					"DEBUG=1",
					"$(inherited)",
				);
				GCC_SYMBOLS_PRIVATE_EXTERN = NO;
				GCC_WARN_ABOUT_RETURN_TYPE = YES;
				GCC_WARN_UNINITIALIZED_AUTOS = YES;
				GCC_WARN_UNUSED_VARIABLE = YES;
				IPHONEOS_DEPLOYMENT_TARGET = 6.0;
				ONLY_ACTIVE_ARCH = YES;
				SDKROOT = iphoneos;
				TARGETED_DEVICE_FAMILY = "1,2";
			};
			name = Debug;
		};
		FAC233F5168787E600201ECA /* Release */ = {
			isa = XCBuildConfiguration;
			buildSettings = {
				ALWAYS_SEARCH_USER_PATHS = NO;
				CLANG_CXX_LANGUAGE_STANDARD = "gnu++0x";
				CLANG_CXX_LIBRARY = "libc++";
				CLANG_ENABLE_OBJC_ARC = YES;
				CLANG_WARN_EMPTY_BODY = YES;
				CLANG_WARN__DUPLICATE_METHOD_MATCH = YES;
				"CODE_SIGN_IDENTITY[sdk=iphoneos*]" = "iPhone Developer";
				COPY_PHASE_STRIP = YES;
				GCC_C_LANGUAGE_STANDARD = gnu99;
				GCC_WARN_ABOUT_RETURN_TYPE = YES;
				GCC_WARN_UNINITIALIZED_AUTOS = YES;
				GCC_WARN_UNUSED_VARIABLE = YES;
				IPHONEOS_DEPLOYMENT_TARGET = 6.0;
				OTHER_CFLAGS = "-DNS_BLOCK_ASSERTIONS=1";
				SDKROOT = iphoneos;
				TARGETED_DEVICE_FAMILY = "1,2";
				VALIDATE_PRODUCT = YES;
			};
			name = Release;
		};
		FAC233F7168787E600201ECA /* Debug */ = {
			isa = XCBuildConfiguration;
			buildSettings = {
				GCC_PRECOMPILE_PREFIX_HEADER = YES;
				GCC_PREFIX_HEADER = "NatureBridge/NatureBridge-Prefix.pch";
				INFOPLIST_FILE = "NatureBridge/NatureBridge-Info.plist";
				PRODUCT_NAME = "$(TARGET_NAME)";
				WRAPPER_EXTENSION = app;
			};
			name = Debug;
		};
		FAC233F8168787E600201ECA /* Release */ = {
			isa = XCBuildConfiguration;
			buildSettings = {
				GCC_PRECOMPILE_PREFIX_HEADER = YES;
				GCC_PREFIX_HEADER = "NatureBridge/NatureBridge-Prefix.pch";
				INFOPLIST_FILE = "NatureBridge/NatureBridge-Info.plist";
				PRODUCT_NAME = "$(TARGET_NAME)";
				WRAPPER_EXTENSION = app;
			};
			name = Release;
		};
		FAC233FA168787E600201ECA /* Debug */ = {
			isa = XCBuildConfiguration;
			buildSettings = {
				BUNDLE_LOADER = "$(BUILT_PRODUCTS_DIR)/NatureBridge.app/NatureBridge";
				FRAMEWORK_SEARCH_PATHS = (
					"\"$(SDKROOT)/Developer/Library/Frameworks\"",
					"\"$(DEVELOPER_LIBRARY_DIR)/Frameworks\"",
				);
				GCC_PRECOMPILE_PREFIX_HEADER = YES;
				GCC_PREFIX_HEADER = "NatureBridge/NatureBridge-Prefix.pch";
				INFOPLIST_FILE = "NatureBridgeTests/NatureBridgeTests-Info.plist";
				PRODUCT_NAME = "$(TARGET_NAME)";
				TEST_HOST = "$(BUNDLE_LOADER)";
				WRAPPER_EXTENSION = octest;
			};
			name = Debug;
		};
		FAC233FB168787E600201ECA /* Release */ = {
			isa = XCBuildConfiguration;
			buildSettings = {
				BUNDLE_LOADER = "$(BUILT_PRODUCTS_DIR)/NatureBridge.app/NatureBridge";
				FRAMEWORK_SEARCH_PATHS = (
					"\"$(SDKROOT)/Developer/Library/Frameworks\"",
					"\"$(DEVELOPER_LIBRARY_DIR)/Frameworks\"",
				);
				GCC_PRECOMPILE_PREFIX_HEADER = YES;
				GCC_PREFIX_HEADER = "NatureBridge/NatureBridge-Prefix.pch";
				INFOPLIST_FILE = "NatureBridgeTests/NatureBridgeTests-Info.plist";
				PRODUCT_NAME = "$(TARGET_NAME)";
				TEST_HOST = "$(BUNDLE_LOADER)";
				WRAPPER_EXTENSION = octest;
			};
			name = Release;
		};
/* End XCBuildConfiguration section */

/* Begin XCConfigurationList section */
		FAC233B7168787E600201ECA /* Build configuration list for PBXProject "NatureBridge" */ = {
			isa = XCConfigurationList;
			buildConfigurations = (
				FAC233F4168787E600201ECA /* Debug */,
				FAC233F5168787E600201ECA /* Release */,
			);
			defaultConfigurationIsVisible = 0;
			defaultConfigurationName = Release;
		};
		FAC233F6168787E600201ECA /* Build configuration list for PBXNativeTarget "NatureBridge" */ = {
			isa = XCConfigurationList;
			buildConfigurations = (
				FAC233F7168787E600201ECA /* Debug */,
				FAC233F8168787E600201ECA /* Release */,
			);
			defaultConfigurationIsVisible = 0;
			defaultConfigurationName = Release;
		};
		FAC233F9168787E600201ECA /* Build configuration list for PBXNativeTarget "NatureBridgeTests" */ = {
			isa = XCConfigurationList;
			buildConfigurations = (
				FAC233FA168787E600201ECA /* Debug */,
				FAC233FB168787E600201ECA /* Release */,
			);
			defaultConfigurationIsVisible = 0;
			defaultConfigurationName = Release;
		};
/* End XCConfigurationList section */

/* Begin XCVersionGroup section */
		FAC234471687887000201ECA /* FieldScope.xcdatamodeld */ = {
			isa = XCVersionGroup;
			children = (
				FAC234481687887000201ECA /* FieldScope.xcdatamodel */,
			);
			currentVersion = FAC234481687887000201ECA /* FieldScope.xcdatamodel */;
			path = FieldScope.xcdatamodeld;
			sourceTree = "<group>";
			versionGroupType = wrapper.xcdatamodel;
		};
/* End XCVersionGroup section */
	};
	rootObject = FAC233B4168787E600201ECA /* Project object */;
}
